// !$*UTF8*$!
{
	archiveVersion = 1;
	classes = {
	};
	objectVersion = 50;
	objects = {

/* Begin PBXBuildFile section */
		ED616C7927983B4F00C2CDF9 /* AppDelegate.swift in Sources */ = {isa = PBXBuildFile; fileRef = ED616C7827983B4F00C2CDF9 /* AppDelegate.swift */; };
		ED616C7B27983B4F00C2CDF9 /* SceneDelegate.swift in Sources */ = {isa = PBXBuildFile; fileRef = ED616C7A27983B4F00C2CDF9 /* SceneDelegate.swift */; };
		ED616C8227983B5200C2CDF9 /* Assets.xcassets in Resources */ = {isa = PBXBuildFile; fileRef = ED616C8127983B5200C2CDF9 /* Assets.xcassets */; };
		ED616C8527983B5200C2CDF9 /* LaunchScreen.storyboard in Resources */ = {isa = PBXBuildFile; fileRef = ED616C8327983B5200C2CDF9 /* LaunchScreen.storyboard */; };
		ED616C8E27983C4100C2CDF9 /* JokesService.swift in Sources */ = {isa = PBXBuildFile; fileRef = ED616C8D27983C4100C2CDF9 /* JokesService.swift */; };
		ED616C9127983CAF00C2CDF9 /* Joke.swift in Sources */ = {isa = PBXBuildFile; fileRef = ED616C9027983CAF00C2CDF9 /* Joke.swift */; };
/* End PBXBuildFile section */

/* Begin PBXFileReference section */
		ED616C7527983B4F00C2CDF9 /* JokeSaver.app */ = {isa = PBXFileReference; explicitFileType = wrapper.application; includeInIndex = 0; path = JokeSaver.app; sourceTree = BUILT_PRODUCTS_DIR; };
		ED616C7827983B4F00C2CDF9 /* AppDelegate.swift */ = {isa = PBXFileReference; lastKnownFileType = sourcecode.swift; path = AppDelegate.swift; sourceTree = "<group>"; };
		ED616C7A27983B4F00C2CDF9 /* SceneDelegate.swift */ = {isa = PBXFileReference; lastKnownFileType = sourcecode.swift; path = SceneDelegate.swift; sourceTree = "<group>"; };
		ED616C8127983B5200C2CDF9 /* Assets.xcassets */ = {isa = PBXFileReference; lastKnownFileType = folder.assetcatalog; path = Assets.xcassets; sourceTree = "<group>"; };
		ED616C8427983B5200C2CDF9 /* Base */ = {isa = PBXFileReference; lastKnownFileType = file.storyboard; name = Base; path = Base.lproj/LaunchScreen.storyboard; sourceTree = "<group>"; };
		ED616C8627983B5200C2CDF9 /* Info.plist */ = {isa = PBXFileReference; lastKnownFileType = text.plist.xml; path = Info.plist; sourceTree = "<group>"; };
		ED616C8D27983C4100C2CDF9 /* JokesService.swift */ = {isa = PBXFileReference; lastKnownFileType = sourcecode.swift; path = JokesService.swift; sourceTree = "<group>"; };
		ED616C9027983CAF00C2CDF9 /* Joke.swift */ = {isa = PBXFileReference; lastKnownFileType = sourcecode.swift; path = Joke.swift; sourceTree = "<group>"; };
/* End PBXFileReference section */

/* Begin PBXFrameworksBuildPhase section */
		ED616C7227983B4F00C2CDF9 /* Frameworks */ = {
			isa = PBXFrameworksBuildPhase;
			buildActionMask = 2147483647;
			files = (
			);
			runOnlyForDeploymentPostprocessing = 0;
		};
/* End PBXFrameworksBuildPhase section */

/* Begin PBXGroup section */
		ED616C6C27983B4F00C2CDF9 = {
			isa = PBXGroup;
			children = (
				ED616C7727983B4F00C2CDF9 /* JokeSaver */,
				ED616C7627983B4F00C2CDF9 /* Products */,
			);
			sourceTree = "<group>";
		};
		ED616C7627983B4F00C2CDF9 /* Products */ = {
			isa = PBXGroup;
			children = (
				ED616C7527983B4F00C2CDF9 /* JokeSaver.app */,
			);
			name = Products;
			sourceTree = "<group>";
		};
		ED616C7727983B4F00C2CDF9 /* JokeSaver */ = {
			isa = PBXGroup;
			children = (
				ED616C8F27983C6A00C2CDF9 /* Model */,
				ED616C8C27983BCE00C2CDF9 /* Service */,
				ED616C7827983B4F00C2CDF9 /* AppDelegate.swift */,
				ED616C7A27983B4F00C2CDF9 /* SceneDelegate.swift */,
				ED616C8127983B5200C2CDF9 /* Assets.xcassets */,
				ED616C8327983B5200C2CDF9 /* LaunchScreen.storyboard */,
				ED616C8627983B5200C2CDF9 /* Info.plist */,
			);
			path = JokeSaver;
			sourceTree = "<group>";
		};
		ED616C8C27983BCE00C2CDF9 /* Service */ = {
			isa = PBXGroup;
			children = (
				ED616C8D27983C4100C2CDF9 /* JokesService.swift */,
			);
			path = Service;
			sourceTree = "<group>";
		};
		ED616C8F27983C6A00C2CDF9 /* Model */ = {
			isa = PBXGroup;
			children = (
				ED616C9027983CAF00C2CDF9 /* Joke.swift */,
			);
			path = Model;
			sourceTree = "<group>";
		};
/* End PBXGroup section */

/* Begin PBXNativeTarget section */
		ED616C7427983B4F00C2CDF9 /* JokeSaver */ = {
			isa = PBXNativeTarget;
			buildConfigurationList = ED616C8927983B5200C2CDF9 /* Build configuration list for PBXNativeTarget "JokeSaver" */;
			buildPhases = (
				ED616C7127983B4F00C2CDF9 /* Sources */,
				ED616C7227983B4F00C2CDF9 /* Frameworks */,
				ED616C7327983B4F00C2CDF9 /* Resources */,
			);
			buildRules = (
			);
			dependencies = (
			);
			name = JokeSaver;
			productName = JokeSaver;
			productReference = ED616C7527983B4F00C2CDF9 /* JokeSaver.app */;
			productType = "com.apple.product-type.application";
		};
/* End PBXNativeTarget section */

/* Begin PBXProject section */
		ED616C6D27983B4F00C2CDF9 /* Project object */ = {
			isa = PBXProject;
			attributes = {
				LastSwiftUpdateCheck = 1250;
				LastUpgradeCheck = 1250;
				TargetAttributes = {
					ED616C7427983B4F00C2CDF9 = {
						CreatedOnToolsVersion = 12.5.1;
					};
				};
			};
			buildConfigurationList = ED616C7027983B4F00C2CDF9 /* Build configuration list for PBXProject "JokeSaver" */;
			compatibilityVersion = "Xcode 9.3";
			developmentRegion = en;
			hasScannedForEncodings = 0;
			knownRegions = (
				en,
				Base,
			);
			mainGroup = ED616C6C27983B4F00C2CDF9;
			productRefGroup = ED616C7627983B4F00C2CDF9 /* Products */;
			projectDirPath = "";
			projectRoot = "";
			targets = (
				ED616C7427983B4F00C2CDF9 /* JokeSaver */,
			);
		};
/* End PBXProject section */

/* Begin PBXResourcesBuildPhase section */
		ED616C7327983B4F00C2CDF9 /* Resources */ = {
			isa = PBXResourcesBuildPhase;
			buildActionMask = 2147483647;
			files = (
				ED616C8527983B5200C2CDF9 /* LaunchScreen.storyboard in Resources */,
				ED616C8227983B5200C2CDF9 /* Assets.xcassets in Resources */,
			);
			runOnlyForDeploymentPostprocessing = 0;
		};
/* End PBXResourcesBuildPhase section */

/* Begin PBXSourcesBuildPhase section */
		ED616C7127983B4F00C2CDF9 /* Sources */ = {
			isa = PBXSourcesBuildPhase;
			buildActionMask = 2147483647;
			files = (
				ED616C7927983B4F00C2CDF9 /* AppDelegate.swift in Sources */,
				ED616C7B27983B4F00C2CDF9 /* SceneDelegate.swift in Sources */,
				ED616C9127983CAF00C2CDF9 /* Joke.swift in Sources */,
				ED616C8E27983C4100C2CDF9 /* JokesService.swift in Sources */,
			);
			runOnlyForDeploymentPostprocessing = 0;
		};
/* End PBXSourcesBuildPhase section */

/* Begin PBXVariantGroup section */
		ED616C8327983B5200C2CDF9 /* LaunchScreen.storyboard */ = {
			isa = PBXVariantGroup;
			children = (
				ED616C8427983B5200C2CDF9 /* Base */,
			);
			name = LaunchScreen.storyboard;
			sourceTree = "<group>";
		};
/* End PBXVariantGroup section */

/* Begin XCBuildConfiguration section */
		ED616C8727983B5200C2CDF9 /* Debug */ = {
			isa = XCBuildConfiguration;
			buildSettings = {
				ALWAYS_SEARCH_USER_PATHS = NO;
				CLANG_ANALYZER_NONNULL = YES;
				CLANG_ANALYZER_NUMBER_OBJECT_CONVERSION = YES_AGGRESSIVE;
				CLANG_CXX_LANGUAGE_STANDARD = "gnu++14";
				CLANG_CXX_LIBRARY = "libc++";
				CLANG_ENABLE_MODULES = YES;
				CLANG_ENABLE_OBJC_ARC = YES;
				CLANG_ENABLE_OBJC_WEAK = YES;
				CLANG_WARN_BLOCK_CAPTURE_AUTORELEASING = YES;
				CLANG_WARN_BOOL_CONVERSION = YES;
				CLANG_WARN_COMMA = YES;
				CLANG_WARN_CONSTANT_CONVERSION = YES;
				CLANG_WARN_DEPRECATED_OBJC_IMPLEMENTATIONS = YES;
				CLANG_WARN_DIRECT_OBJC_ISA_USAGE = YES_ERROR;
				CLANG_WARN_DOCUMENTATION_COMMENTS = YES;
				CLANG_WARN_EMPTY_BODY = YES;
				CLANG_WARN_ENUM_CONVERSION = YES;
				CLANG_WARN_INFINITE_RECURSION = YES;
				CLANG_WARN_INT_CONVERSION = YES;
				CLANG_WARN_NON_LITERAL_NULL_CONVERSION = YES;
				CLANG_WARN_OBJC_IMPLICIT_RETAIN_SELF = YES;
				CLANG_WARN_OBJC_LITERAL_CONVERSION = YES;
				CLANG_WARN_OBJC_ROOT_CLASS = YES_ERROR;
				CLANG_WARN_QUOTED_INCLUDE_IN_FRAMEWORK_HEADER = YES;
				CLANG_WARN_RANGE_LOOP_ANALYSIS = YES;
				CLANG_WARN_STRICT_PROTOTYPES = YES;
				CLANG_WARN_SUSPICIOUS_MOVE = YES;
				CLANG_WARN_UNGUARDED_AVAILABILITY = YES_AGGRESSIVE;
				CLANG_WARN_UNREACHABLE_CODE = YES;
				CLANG_WARN__DUPLICATE_METHOD_MATCH = YES;
				COPY_PHASE_STRIP = NO;
				DEBUG_INFORMATION_FORMAT = dwarf;
				ENABLE_STRICT_OBJC_MSGSEND = YES;
				ENABLE_TESTABILITY = YES;
				GCC_C_LANGUAGE_STANDARD = gnu11;
				GCC_DYNAMIC_NO_PIC = NO;
				GCC_NO_COMMON_BLOCKS = YES;
				GCC_OPTIMIZATION_LEVEL = 0;
				GCC_PREPROCESSOR_DEFINITIONS = (
					"DEBUG=1",
					"$(inherited)",
				);
				GCC_WARN_64_TO_32_BIT_CONVERSION = YES;
				GCC_WARN_ABOUT_RETURN_TYPE = YES_ERROR;
				GCC_WARN_UNDECLARED_SELECTOR = YES;
				GCC_WARN_UNINITIALIZED_AUTOS = YES_AGGRESSIVE;
				GCC_WARN_UNUSED_FUNCTION = YES;
				GCC_WARN_UNUSED_VARIABLE = YES;
				IPHONEOS_DEPLOYMENT_TARGET = 14.5;
				MTL_ENABLE_DEBUG_INFO = INCLUDE_SOURCE;
				MTL_FAST_MATH = YES;
				ONLY_ACTIVE_ARCH = YES;
				SDKROOT = iphoneos;
				SWIFT_ACTIVE_COMPILATION_CONDITIONS = DEBUG;
				SWIFT_OPTIMIZATION_LEVEL = "-Onone";
			};
			name = Debug;
		};
		ED616C8827983B5200C2CDF9 /* Release */ = {
			isa = XCBuildConfiguration;
			buildSettings = {
				ALWAYS_SEARCH_USER_PATHS = NO;
				CLANG_ANALYZER_NONNULL = YES;
				CLANG_ANALYZER_NUMBER_OBJECT_CONVERSION = YES_AGGRESSIVE;
				CLANG_CXX_LANGUAGE_STANDARD = "gnu++14";
				CLANG_CXX_LIBRARY = "libc++";
				CLANG_ENABLE_MODULES = YES;
				CLANG_ENABLE_OBJC_ARC = YES;
				CLANG_ENABLE_OBJC_WEAK = YES;
				CLANG_WARN_BLOCK_CAPTURE_AUTORELEASING = YES;
				CLANG_WARN_BOOL_CONVERSION = YES;
				CLANG_WARN_COMMA = YES;
				CLANG_WARN_CONSTANT_CONVERSION = YES;
				CLANG_WARN_DEPRECATED_OBJC_IMPLEMENTATIONS = YES;
				CLANG_WARN_DIRECT_OBJC_ISA_USAGE = YES_ERROR;
				CLANG_WARN_DOCUMENTATION_COMMENTS = YES;
				CLANG_WARN_EMPTY_BODY = YES;
				CLANG_WARN_ENUM_CONVERSION = YES;
				CLANG_WARN_INFINITE_RECURSION = YES;
				CLANG_WARN_INT_CONVERSION = YES;
				CLANG_WARN_NON_LITERAL_NULL_CONVERSION = YES;
				CLANG_WARN_OBJC_IMPLICIT_RETAIN_SELF = YES;
				CLANG_WARN_OBJC_LITERAL_CONVERSION = YES;
				CLANG_WARN_OBJC_ROOT_CLASS = YES_ERROR;
				CLANG_WARN_QUOTED_INCLUDE_IN_FRAMEWORK_HEADER = YES;
				CLANG_WARN_RANGE_LOOP_ANALYSIS = YES;
				CLANG_WARN_STRICT_PROTOTYPES = YES;
				CLANG_WARN_SUSPICIOUS_MOVE = YES;
				CLANG_WARN_UNGUARDED_AVAILABILITY = YES_AGGRESSIVE;
				CLANG_WARN_UNREACHABLE_CODE = YES;
				CLANG_WARN__DUPLICATE_METHOD_MATCH = YES;
				COPY_PHASE_STRIP = NO;
				DEBUG_INFORMATION_FORMAT = "dwarf-with-dsym";
				ENABLE_NS_ASSERTIONS = NO;
				ENABLE_STRICT_OBJC_MSGSEND = YES;
				GCC_C_LANGUAGE_STANDARD = gnu11;
				GCC_NO_COMMON_BLOCKS = YES;
				GCC_WARN_64_TO_32_BIT_CONVERSION = YES;
				GCC_WARN_ABOUT_RETURN_TYPE = YES_ERROR;
				GCC_WARN_UNDECLARED_SELECTOR = YES;
				GCC_WARN_UNINITIALIZED_AUTOS = YES_AGGRESSIVE;
				GCC_WARN_UNUSED_FUNCTION = YES;
				GCC_WARN_UNUSED_VARIABLE = YES;
				IPHONEOS_DEPLOYMENT_TARGET = 14.5;
				MTL_ENABLE_DEBUG_INFO = NO;
				MTL_FAST_MATH = YES;
				SDKROOT = iphoneos;
				SWIFT_COMPILATION_MODE = wholemodule;
				SWIFT_OPTIMIZATION_LEVEL = "-O";
				VALIDATE_PRODUCT = YES;
			};
			name = Release;
		};
		ED616C8A27983B5200C2CDF9 /* Debug */ = {
			isa = XCBuildConfiguration;
			buildSettings = {
				ASSETCATALOG_COMPILER_APPICON_NAME = AppIcon;
				ASSETCATALOG_COMPILER_GLOBAL_ACCENT_COLOR_NAME = AccentColor;
				CODE_SIGN_STYLE = Automatic;
				DEVELOPMENT_TEAM = Z86A8NA48H;
				INFOPLIST_FILE = JokeSaver/Info.plist;
				IPHONEOS_DEPLOYMENT_TARGET = 13.0;
				LD_RUNPATH_SEARCH_PATHS = (
					"$(inherited)",
					"@executable_path/Frameworks",
				);
				PRODUCT_BUNDLE_IDENTIFIER = "Ruslan-Khanov.JokeSaver";
				PRODUCT_NAME = "$(TARGET_NAME)";
				SWIFT_VERSION = 5.0;
				TARGETED_DEVICE_FAMILY = 1;
			};
			name = Debug;
		};
		ED616C8B27983B5200C2CDF9 /* Release */ = {
			isa = XCBuildConfiguration;
			buildSettings = {
				ASSETCATALOG_COMPILER_APPICON_NAME = AppIcon;
				ASSETCATALOG_COMPILER_GLOBAL_ACCENT_COLOR_NAME = AccentColor;
				CODE_SIGN_STYLE = Automatic;
				DEVELOPMENT_TEAM = Z86A8NA48H;
				INFOPLIST_FILE = JokeSaver/Info.plist;
				IPHONEOS_DEPLOYMENT_TARGET = 13.0;
				LD_RUNPATH_SEARCH_PATHS = (
					"$(inherited)",
					"@executable_path/Frameworks",
				);
				PRODUCT_BUNDLE_IDENTIFIER = "Ruslan-Khanov.JokeSaver";
				PRODUCT_NAME = "$(TARGET_NAME)";
				SWIFT_VERSION = 5.0;
				TARGETED_DEVICE_FAMILY = 1;
			};
			name = Release;
		};
/* End XCBuildConfiguration section */

/* Begin XCConfigurationList section */
		ED616C7027983B4F00C2CDF9 /* Build configuration list for PBXProject "JokeSaver" */ = {
			isa = XCConfigurationList;
			buildConfigurations = (
				ED616C8727983B5200C2CDF9 /* Debug */,
				ED616C8827983B5200C2CDF9 /* Release */,
			);
			defaultConfigurationIsVisible = 0;
			defaultConfigurationName = Release;
		};
		ED616C8927983B5200C2CDF9 /* Build configuration list for PBXNativeTarget "JokeSaver" */ = {
			isa = XCConfigurationList;
			buildConfigurations = (
				ED616C8A27983B5200C2CDF9 /* Debug */,
				ED616C8B27983B5200C2CDF9 /* Release */,
			);
			defaultConfigurationIsVisible = 0;
			defaultConfigurationName = Release;
		};
/* End XCConfigurationList section */
	};
	rootObject = ED616C6D27983B4F00C2CDF9 /* Project object */;
}
