// !$*UTF8*$!
{
	archiveVersion = 1;
	classes = {
	};
	objectVersion = 51;
	objects = {

/* Begin PBXBuildFile section */
		760671BB9A1544A48D1141FD /* Pods_JokeSaver.framework in Frameworks */ = {isa = PBXBuildFile; fileRef = 55AF319F6D71A4BEE635F6E5 /* Pods_JokeSaver.framework */; };
		ED616C7927983B4F00C2CDF9 /* AppDelegate.swift in Sources */ = {isa = PBXBuildFile; fileRef = ED616C7827983B4F00C2CDF9 /* AppDelegate.swift */; };
		ED616C7B27983B4F00C2CDF9 /* SceneDelegate.swift in Sources */ = {isa = PBXBuildFile; fileRef = ED616C7A27983B4F00C2CDF9 /* SceneDelegate.swift */; };
		ED616C8227983B5200C2CDF9 /* Assets.xcassets in Resources */ = {isa = PBXBuildFile; fileRef = ED616C8127983B5200C2CDF9 /* Assets.xcassets */; };
		ED616C8527983B5200C2CDF9 /* LaunchScreen.storyboard in Resources */ = {isa = PBXBuildFile; fileRef = ED616C8327983B5200C2CDF9 /* LaunchScreen.storyboard */; };
		ED616C8E27983C4100C2CDF9 /* JokesService.swift in Sources */ = {isa = PBXBuildFile; fileRef = ED616C8D27983C4100C2CDF9 /* JokesService.swift */; };
		ED616C9127983CAF00C2CDF9 /* Joke.swift in Sources */ = {isa = PBXBuildFile; fileRef = ED616C9027983CAF00C2CDF9 /* Joke.swift */; };
		ED616C952798441900C2CDF9 /* GetJokeViewController.swift in Sources */ = {isa = PBXBuildFile; fileRef = ED616C942798441900C2CDF9 /* GetJokeViewController.swift */; };
		ED616C972798443600C2CDF9 /* GetJokeView.swift in Sources */ = {isa = PBXBuildFile; fileRef = ED616C962798443600C2CDF9 /* GetJokeView.swift */; };
		ED616C9A2798B03800C2CDF9 /* ActionConfigurable.swift in Sources */ = {isa = PBXBuildFile; fileRef = ED616C992798B03800C2CDF9 /* ActionConfigurable.swift */; };
		ED616C9C2798B42C00C2CDF9 /* JokeViewModel.swift in Sources */ = {isa = PBXBuildFile; fileRef = ED616C9B2798B42C00C2CDF9 /* JokeViewModel.swift */; };
		ED74432927B4286B00B32980 /* Montserrat-ExtraBoldItalic.ttf in Resources */ = {isa = PBXBuildFile; fileRef = ED74431727B4286A00B32980 /* Montserrat-ExtraBoldItalic.ttf */; };
		ED74432A27B4286B00B32980 /* Montserrat-Medium.ttf in Resources */ = {isa = PBXBuildFile; fileRef = ED74431827B4286A00B32980 /* Montserrat-Medium.ttf */; };
		ED74432B27B4286B00B32980 /* Montserrat-Italic.ttf in Resources */ = {isa = PBXBuildFile; fileRef = ED74431927B4286A00B32980 /* Montserrat-Italic.ttf */; };
		ED74432C27B4286B00B32980 /* Montserrat-SemiBold.ttf in Resources */ = {isa = PBXBuildFile; fileRef = ED74431A27B4286A00B32980 /* Montserrat-SemiBold.ttf */; };
		ED74432D27B4286B00B32980 /* Montserrat-ExtraLightItalic.ttf in Resources */ = {isa = PBXBuildFile; fileRef = ED74431B27B4286A00B32980 /* Montserrat-ExtraLightItalic.ttf */; };
		ED74432E27B4286B00B32980 /* Montserrat-Regular.ttf in Resources */ = {isa = PBXBuildFile; fileRef = ED74431C27B4286A00B32980 /* Montserrat-Regular.ttf */; };
		ED74432F27B4286B00B32980 /* Montserrat-Light.ttf in Resources */ = {isa = PBXBuildFile; fileRef = ED74431D27B4286A00B32980 /* Montserrat-Light.ttf */; };
		ED74433027B4286B00B32980 /* Montserrat-ExtraLight.ttf in Resources */ = {isa = PBXBuildFile; fileRef = ED74431E27B4286A00B32980 /* Montserrat-ExtraLight.ttf */; };
		ED74433127B4286B00B32980 /* Montserrat-LightItalic.ttf in Resources */ = {isa = PBXBuildFile; fileRef = ED74431F27B4286A00B32980 /* Montserrat-LightItalic.ttf */; };
		ED74433227B4286B00B32980 /* Montserrat-ExtraBold.ttf in Resources */ = {isa = PBXBuildFile; fileRef = ED74432027B4286B00B32980 /* Montserrat-ExtraBold.ttf */; };
		ED74433327B4286B00B32980 /* Montserrat-SemiBoldItalic.ttf in Resources */ = {isa = PBXBuildFile; fileRef = ED74432127B4286B00B32980 /* Montserrat-SemiBoldItalic.ttf */; };
		ED74433427B4286B00B32980 /* Montserrat-BlackItalic.ttf in Resources */ = {isa = PBXBuildFile; fileRef = ED74432227B4286B00B32980 /* Montserrat-BlackItalic.ttf */; };
		ED74433527B4286B00B32980 /* Montserrat-Bold.ttf in Resources */ = {isa = PBXBuildFile; fileRef = ED74432327B4286B00B32980 /* Montserrat-Bold.ttf */; };
		ED74433627B4286B00B32980 /* Montserrat-Black.ttf in Resources */ = {isa = PBXBuildFile; fileRef = ED74432427B4286B00B32980 /* Montserrat-Black.ttf */; };
		ED74433727B4286B00B32980 /* Montserrat-BoldItalic.ttf in Resources */ = {isa = PBXBuildFile; fileRef = ED74432527B4286B00B32980 /* Montserrat-BoldItalic.ttf */; };
		ED74433827B4286B00B32980 /* Montserrat-Thin.ttf in Resources */ = {isa = PBXBuildFile; fileRef = ED74432627B4286B00B32980 /* Montserrat-Thin.ttf */; };
		ED74433927B4286B00B32980 /* Montserrat-MediumItalic.ttf in Resources */ = {isa = PBXBuildFile; fileRef = ED74432727B4286B00B32980 /* Montserrat-MediumItalic.ttf */; };
		ED74433A27B4286B00B32980 /* Montserrat-ThinItalic.ttf in Resources */ = {isa = PBXBuildFile; fileRef = ED74432827B4286B00B32980 /* Montserrat-ThinItalic.ttf */; };
		ED74433D27B42A2500B32980 /* Fonts.swift in Sources */ = {isa = PBXBuildFile; fileRef = ED74433C27B42A2500B32980 /* Fonts.swift */; };
/* End PBXBuildFile section */

/* Begin PBXFileReference section */
		55AF319F6D71A4BEE635F6E5 /* Pods_JokeSaver.framework */ = {isa = PBXFileReference; explicitFileType = wrapper.framework; includeInIndex = 0; path = Pods_JokeSaver.framework; sourceTree = BUILT_PRODUCTS_DIR; };
		969660DD3F1148B893A19EF0 /* Pods-JokeSaver.debug.xcconfig */ = {isa = PBXFileReference; includeInIndex = 1; lastKnownFileType = text.xcconfig; name = "Pods-JokeSaver.debug.xcconfig"; path = "Target Support Files/Pods-JokeSaver/Pods-JokeSaver.debug.xcconfig"; sourceTree = "<group>"; };
		D275D0EE6BA99E3B9BE51D4C /* Pods-JokeSaver.release.xcconfig */ = {isa = PBXFileReference; includeInIndex = 1; lastKnownFileType = text.xcconfig; name = "Pods-JokeSaver.release.xcconfig"; path = "Target Support Files/Pods-JokeSaver/Pods-JokeSaver.release.xcconfig"; sourceTree = "<group>"; };
		ED616C7527983B4F00C2CDF9 /* JokeSaver.app */ = {isa = PBXFileReference; explicitFileType = wrapper.application; includeInIndex = 0; path = JokeSaver.app; sourceTree = BUILT_PRODUCTS_DIR; };
		ED616C7827983B4F00C2CDF9 /* AppDelegate.swift */ = {isa = PBXFileReference; lastKnownFileType = sourcecode.swift; path = AppDelegate.swift; sourceTree = "<group>"; };
		ED616C7A27983B4F00C2CDF9 /* SceneDelegate.swift */ = {isa = PBXFileReference; lastKnownFileType = sourcecode.swift; path = SceneDelegate.swift; sourceTree = "<group>"; };
		ED616C8127983B5200C2CDF9 /* Assets.xcassets */ = {isa = PBXFileReference; lastKnownFileType = folder.assetcatalog; path = Assets.xcassets; sourceTree = "<group>"; };
		ED616C8427983B5200C2CDF9 /* Base */ = {isa = PBXFileReference; lastKnownFileType = file.storyboard; name = Base; path = Base.lproj/LaunchScreen.storyboard; sourceTree = "<group>"; };
		ED616C8627983B5200C2CDF9 /* Info.plist */ = {isa = PBXFileReference; lastKnownFileType = text.plist.xml; path = Info.plist; sourceTree = "<group>"; };
		ED616C8D27983C4100C2CDF9 /* JokesService.swift */ = {isa = PBXFileReference; lastKnownFileType = sourcecode.swift; path = JokesService.swift; sourceTree = "<group>"; };
		ED616C9027983CAF00C2CDF9 /* Joke.swift */ = {isa = PBXFileReference; lastKnownFileType = sourcecode.swift; path = Joke.swift; sourceTree = "<group>"; };
		ED616C942798441900C2CDF9 /* GetJokeViewController.swift */ = {isa = PBXFileReference; lastKnownFileType = sourcecode.swift; path = GetJokeViewController.swift; sourceTree = "<group>"; };
		ED616C962798443600C2CDF9 /* GetJokeView.swift */ = {isa = PBXFileReference; lastKnownFileType = sourcecode.swift; path = GetJokeView.swift; sourceTree = "<group>"; };
		ED616C992798B03800C2CDF9 /* ActionConfigurable.swift */ = {isa = PBXFileReference; lastKnownFileType = sourcecode.swift; path = ActionConfigurable.swift; sourceTree = "<group>"; };
		ED616C9B2798B42C00C2CDF9 /* JokeViewModel.swift */ = {isa = PBXFileReference; lastKnownFileType = sourcecode.swift; path = JokeViewModel.swift; sourceTree = "<group>"; };
		ED74431727B4286A00B32980 /* Montserrat-ExtraBoldItalic.ttf */ = {isa = PBXFileReference; lastKnownFileType = file; path = "Montserrat-ExtraBoldItalic.ttf"; sourceTree = "<group>"; };
		ED74431827B4286A00B32980 /* Montserrat-Medium.ttf */ = {isa = PBXFileReference; lastKnownFileType = file; path = "Montserrat-Medium.ttf"; sourceTree = "<group>"; };
		ED74431927B4286A00B32980 /* Montserrat-Italic.ttf */ = {isa = PBXFileReference; lastKnownFileType = file; path = "Montserrat-Italic.ttf"; sourceTree = "<group>"; };
		ED74431A27B4286A00B32980 /* Montserrat-SemiBold.ttf */ = {isa = PBXFileReference; lastKnownFileType = file; path = "Montserrat-SemiBold.ttf"; sourceTree = "<group>"; };
		ED74431B27B4286A00B32980 /* Montserrat-ExtraLightItalic.ttf */ = {isa = PBXFileReference; lastKnownFileType = file; path = "Montserrat-ExtraLightItalic.ttf"; sourceTree = "<group>"; };
		ED74431C27B4286A00B32980 /* Montserrat-Regular.ttf */ = {isa = PBXFileReference; lastKnownFileType = file; path = "Montserrat-Regular.ttf"; sourceTree = "<group>"; };
		ED74431D27B4286A00B32980 /* Montserrat-Light.ttf */ = {isa = PBXFileReference; lastKnownFileType = file; path = "Montserrat-Light.ttf"; sourceTree = "<group>"; };
		ED74431E27B4286A00B32980 /* Montserrat-ExtraLight.ttf */ = {isa = PBXFileReference; lastKnownFileType = file; path = "Montserrat-ExtraLight.ttf"; sourceTree = "<group>"; };
		ED74431F27B4286A00B32980 /* Montserrat-LightItalic.ttf */ = {isa = PBXFileReference; lastKnownFileType = file; path = "Montserrat-LightItalic.ttf"; sourceTree = "<group>"; };
		ED74432027B4286B00B32980 /* Montserrat-ExtraBold.ttf */ = {isa = PBXFileReference; lastKnownFileType = file; path = "Montserrat-ExtraBold.ttf"; sourceTree = "<group>"; };
		ED74432127B4286B00B32980 /* Montserrat-SemiBoldItalic.ttf */ = {isa = PBXFileReference; lastKnownFileType = file; path = "Montserrat-SemiBoldItalic.ttf"; sourceTree = "<group>"; };
		ED74432227B4286B00B32980 /* Montserrat-BlackItalic.ttf */ = {isa = PBXFileReference; lastKnownFileType = file; path = "Montserrat-BlackItalic.ttf"; sourceTree = "<group>"; };
		ED74432327B4286B00B32980 /* Montserrat-Bold.ttf */ = {isa = PBXFileReference; lastKnownFileType = file; path = "Montserrat-Bold.ttf"; sourceTree = "<group>"; };
		ED74432427B4286B00B32980 /* Montserrat-Black.ttf */ = {isa = PBXFileReference; lastKnownFileType = file; path = "Montserrat-Black.ttf"; sourceTree = "<group>"; };
		ED74432527B4286B00B32980 /* Montserrat-BoldItalic.ttf */ = {isa = PBXFileReference; lastKnownFileType = file; path = "Montserrat-BoldItalic.ttf"; sourceTree = "<group>"; };
		ED74432627B4286B00B32980 /* Montserrat-Thin.ttf */ = {isa = PBXFileReference; lastKnownFileType = file; path = "Montserrat-Thin.ttf"; sourceTree = "<group>"; };
		ED74432727B4286B00B32980 /* Montserrat-MediumItalic.ttf */ = {isa = PBXFileReference; lastKnownFileType = file; path = "Montserrat-MediumItalic.ttf"; sourceTree = "<group>"; };
		ED74432827B4286B00B32980 /* Montserrat-ThinItalic.ttf */ = {isa = PBXFileReference; lastKnownFileType = file; path = "Montserrat-ThinItalic.ttf"; sourceTree = "<group>"; };
		ED74433C27B42A2500B32980 /* Fonts.swift */ = {isa = PBXFileReference; fileEncoding = 4; lastKnownFileType = sourcecode.swift; path = Fonts.swift; sourceTree = "<group>"; };
/* End PBXFileReference section */

/* Begin PBXFrameworksBuildPhase section */
		ED616C7227983B4F00C2CDF9 /* Frameworks */ = {
			isa = PBXFrameworksBuildPhase;
			buildActionMask = 2147483647;
			files = (
				760671BB9A1544A48D1141FD /* Pods_JokeSaver.framework in Frameworks */,
			);
			runOnlyForDeploymentPostprocessing = 0;
		};
/* End PBXFrameworksBuildPhase section */

/* Begin PBXGroup section */
		4E1A7D64D008E2E79614CBFA /* Pods */ = {
			isa = PBXGroup;
			children = (
				969660DD3F1148B893A19EF0 /* Pods-JokeSaver.debug.xcconfig */,
				D275D0EE6BA99E3B9BE51D4C /* Pods-JokeSaver.release.xcconfig */,
			);
			path = Pods;
			sourceTree = "<group>";
		};
		7028C7EE38038FCFA11E5EB4 /* Frameworks */ = {
			isa = PBXGroup;
			children = (
				55AF319F6D71A4BEE635F6E5 /* Pods_JokeSaver.framework */,
			);
			name = Frameworks;
			sourceTree = "<group>";
		};
		ED616C6C27983B4F00C2CDF9 = {
			isa = PBXGroup;
			children = (
				ED616C7727983B4F00C2CDF9 /* JokeSaver */,
				ED616C7627983B4F00C2CDF9 /* Products */,
				4E1A7D64D008E2E79614CBFA /* Pods */,
				7028C7EE38038FCFA11E5EB4 /* Frameworks */,
			);
			sourceTree = "<group>";
		};
		ED616C7627983B4F00C2CDF9 /* Products */ = {
			isa = PBXGroup;
			children = (
				ED616C7527983B4F00C2CDF9 /* JokeSaver.app */,
			);
			name = Products;
			sourceTree = "<group>";
		};
		ED616C7727983B4F00C2CDF9 /* JokeSaver */ = {
			isa = PBXGroup;
			children = (
				ED74433B27B42A0600B32980 /* Generated */,
				ED74431527B4283800B32980 /* Resources */,
				ED616C982798B02700C2CDF9 /* Helper */,
				ED616C922798437F00C2CDF9 /* Scenes */,
				ED616C8F27983C6A00C2CDF9 /* Model */,
				ED616C8C27983BCE00C2CDF9 /* Service */,
				ED616C7827983B4F00C2CDF9 /* AppDelegate.swift */,
				ED616C7A27983B4F00C2CDF9 /* SceneDelegate.swift */,
				ED616C8127983B5200C2CDF9 /* Assets.xcassets */,
				ED616C8327983B5200C2CDF9 /* LaunchScreen.storyboard */,
				ED616C8627983B5200C2CDF9 /* Info.plist */,
			);
			path = JokeSaver;
			sourceTree = "<group>";
		};
		ED616C8C27983BCE00C2CDF9 /* Service */ = {
			isa = PBXGroup;
			children = (
				ED616C8D27983C4100C2CDF9 /* JokesService.swift */,
			);
			path = Service;
			sourceTree = "<group>";
		};
		ED616C8F27983C6A00C2CDF9 /* Model */ = {
			isa = PBXGroup;
			children = (
				ED616C9027983CAF00C2CDF9 /* Joke.swift */,
				ED616C9B2798B42C00C2CDF9 /* JokeViewModel.swift */,
			);
			path = Model;
			sourceTree = "<group>";
		};
		ED616C922798437F00C2CDF9 /* Scenes */ = {
			isa = PBXGroup;
			children = (
				ED616C93279843EA00C2CDF9 /* GetJoke */,
			);
			path = Scenes;
			sourceTree = "<group>";
		};
		ED616C93279843EA00C2CDF9 /* GetJoke */ = {
			isa = PBXGroup;
			children = (
				ED616C942798441900C2CDF9 /* GetJokeViewController.swift */,
				ED616C962798443600C2CDF9 /* GetJokeView.swift */,
			);
			path = GetJoke;
			sourceTree = "<group>";
		};
		ED616C982798B02700C2CDF9 /* Helper */ = {
			isa = PBXGroup;
			children = (
				ED616C992798B03800C2CDF9 /* ActionConfigurable.swift */,
			);
			path = Helper;
			sourceTree = "<group>";
		};
		ED74431527B4283800B32980 /* Resources */ = {
			isa = PBXGroup;
			children = (
				ED74431627B4284200B32980 /* Fonts */,
			);
			path = Resources;
			sourceTree = "<group>";
		};
		ED74431627B4284200B32980 /* Fonts */ = {
			isa = PBXGroup;
			children = (
				ED74432427B4286B00B32980 /* Montserrat-Black.ttf */,
				ED74432227B4286B00B32980 /* Montserrat-BlackItalic.ttf */,
				ED74432327B4286B00B32980 /* Montserrat-Bold.ttf */,
				ED74432527B4286B00B32980 /* Montserrat-BoldItalic.ttf */,
				ED74432027B4286B00B32980 /* Montserrat-ExtraBold.ttf */,
				ED74431727B4286A00B32980 /* Montserrat-ExtraBoldItalic.ttf */,
				ED74431E27B4286A00B32980 /* Montserrat-ExtraLight.ttf */,
				ED74431B27B4286A00B32980 /* Montserrat-ExtraLightItalic.ttf */,
				ED74431927B4286A00B32980 /* Montserrat-Italic.ttf */,
				ED74431D27B4286A00B32980 /* Montserrat-Light.ttf */,
				ED74431F27B4286A00B32980 /* Montserrat-LightItalic.ttf */,
				ED74431827B4286A00B32980 /* Montserrat-Medium.ttf */,
				ED74432727B4286B00B32980 /* Montserrat-MediumItalic.ttf */,
				ED74431C27B4286A00B32980 /* Montserrat-Regular.ttf */,
				ED74431A27B4286A00B32980 /* Montserrat-SemiBold.ttf */,
				ED74432127B4286B00B32980 /* Montserrat-SemiBoldItalic.ttf */,
				ED74432627B4286B00B32980 /* Montserrat-Thin.ttf */,
				ED74432827B4286B00B32980 /* Montserrat-ThinItalic.ttf */,
			);
			path = Fonts;
			sourceTree = "<group>";
		};
		ED74433B27B42A0600B32980 /* Generated */ = {
			isa = PBXGroup;
			children = (
				ED74433C27B42A2500B32980 /* Fonts.swift */,
			);
			path = Generated;
			sourceTree = "<group>";
		};
/* End PBXGroup section */

/* Begin PBXNativeTarget section */
		ED616C7427983B4F00C2CDF9 /* JokeSaver */ = {
			isa = PBXNativeTarget;
			buildConfigurationList = ED616C8927983B5200C2CDF9 /* Build configuration list for PBXNativeTarget "JokeSaver" */;
			buildPhases = (
				91195FC36B6268101DFE53C3 /* [CP] Check Pods Manifest.lock */,
				ED616C7127983B4F00C2CDF9 /* Sources */,
				ED616C7227983B4F00C2CDF9 /* Frameworks */,
				ED616C7327983B4F00C2CDF9 /* Resources */,
				EF527D0CE2C58A5BFD42847E /* [CP] Embed Pods Frameworks */,
				ED74431427B4276200B32980 /* SwiftGen */,
			);
			buildRules = (
			);
			dependencies = (
			);
			name = JokeSaver;
			productName = JokeSaver;
			productReference = ED616C7527983B4F00C2CDF9 /* JokeSaver.app */;
			productType = "com.apple.product-type.application";
		};
/* End PBXNativeTarget section */

/* Begin PBXProject section */
		ED616C6D27983B4F00C2CDF9 /* Project object */ = {
			isa = PBXProject;
			attributes = {
				LastSwiftUpdateCheck = 1250;
				LastUpgradeCheck = 1250;
				TargetAttributes = {
					ED616C7427983B4F00C2CDF9 = {
						CreatedOnToolsVersion = 12.5.1;
					};
				};
			};
			buildConfigurationList = ED616C7027983B4F00C2CDF9 /* Build configuration list for PBXProject "JokeSaver" */;
			compatibilityVersion = "Xcode 9.3";
			developmentRegion = en;
			hasScannedForEncodings = 0;
			knownRegions = (
				en,
				Base,
			);
			mainGroup = ED616C6C27983B4F00C2CDF9;
			productRefGroup = ED616C7627983B4F00C2CDF9 /* Products */;
			projectDirPath = "";
			projectRoot = "";
			targets = (
				ED616C7427983B4F00C2CDF9 /* JokeSaver */,
			);
		};
/* End PBXProject section */

/* Begin PBXResourcesBuildPhase section */
		ED616C7327983B4F00C2CDF9 /* Resources */ = {
			isa = PBXResourcesBuildPhase;
			buildActionMask = 2147483647;
			files = (
				ED74433927B4286B00B32980 /* Montserrat-MediumItalic.ttf in Resources */,
				ED74433127B4286B00B32980 /* Montserrat-LightItalic.ttf in Resources */,
				ED74433427B4286B00B32980 /* Montserrat-BlackItalic.ttf in Resources */,
				ED74433227B4286B00B32980 /* Montserrat-ExtraBold.ttf in Resources */,
				ED74433727B4286B00B32980 /* Montserrat-BoldItalic.ttf in Resources */,
				ED74432E27B4286B00B32980 /* Montserrat-Regular.ttf in Resources */,
				ED74432C27B4286B00B32980 /* Montserrat-SemiBold.ttf in Resources */,
				ED74433527B4286B00B32980 /* Montserrat-Bold.ttf in Resources */,
				ED74432B27B4286B00B32980 /* Montserrat-Italic.ttf in Resources */,
				ED74432F27B4286B00B32980 /* Montserrat-Light.ttf in Resources */,
				ED74433327B4286B00B32980 /* Montserrat-SemiBoldItalic.ttf in Resources */,
				ED74433827B4286B00B32980 /* Montserrat-Thin.ttf in Resources */,
				ED74433627B4286B00B32980 /* Montserrat-Black.ttf in Resources */,
				ED74432927B4286B00B32980 /* Montserrat-ExtraBoldItalic.ttf in Resources */,
				ED74433A27B4286B00B32980 /* Montserrat-ThinItalic.ttf in Resources */,
				ED616C8527983B5200C2CDF9 /* LaunchScreen.storyboard in Resources */,
				ED74432A27B4286B00B32980 /* Montserrat-Medium.ttf in Resources */,
				ED616C8227983B5200C2CDF9 /* Assets.xcassets in Resources */,
				ED74432D27B4286B00B32980 /* Montserrat-ExtraLightItalic.ttf in Resources */,
				ED74433027B4286B00B32980 /* Montserrat-ExtraLight.ttf in Resources */,
			);
			runOnlyForDeploymentPostprocessing = 0;
		};
/* End PBXResourcesBuildPhase section */

/* Begin PBXShellScriptBuildPhase section */
		91195FC36B6268101DFE53C3 /* [CP] Check Pods Manifest.lock */ = {
			isa = PBXShellScriptBuildPhase;
			buildActionMask = 2147483647;
			files = (
			);
			inputFileListPaths = (
			);
			inputPaths = (
				"${PODS_PODFILE_DIR_PATH}/Podfile.lock",
				"${PODS_ROOT}/Manifest.lock",
			);
			name = "[CP] Check Pods Manifest.lock";
			outputFileListPaths = (
			);
			outputPaths = (
				"$(DERIVED_FILE_DIR)/Pods-JokeSaver-checkManifestLockResult.txt",
			);
			runOnlyForDeploymentPostprocessing = 0;
			shellPath = /bin/sh;
			shellScript = "diff \"${PODS_PODFILE_DIR_PATH}/Podfile.lock\" \"${PODS_ROOT}/Manifest.lock\" > /dev/null\nif [ $? != 0 ] ; then\n    # print error to STDERR\n    echo \"error: The sandbox is not in sync with the Podfile.lock. Run 'pod install' or update your CocoaPods installation.\" >&2\n    exit 1\nfi\n# This output is used by Xcode 'outputs' to avoid re-running this script phase.\necho \"SUCCESS\" > \"${SCRIPT_OUTPUT_FILE_0}\"\n";
			showEnvVarsInLog = 0;
		};
		ED74431427B4276200B32980 /* SwiftGen */ = {
			isa = PBXShellScriptBuildPhase;
			buildActionMask = 2147483647;
			files = (
			);
			inputFileListPaths = (
			);
			inputPaths = (
			);
			name = SwiftGen;
			outputFileListPaths = (
			);
			outputPaths = (
			);
			runOnlyForDeploymentPostprocessing = 0;
			shellPath = /bin/sh;
			shellScript = "if [[ -f \"${PODS_ROOT}/SwiftGen/bin/swiftgen\" ]]; then\n  \"${PODS_ROOT}/SwiftGen/bin/swiftgen\"\nelse\n  echo \"warning: SwiftGen is not installed. Run 'pod install --repo-update' to install it.\"\nfi\n";
		};
		EF527D0CE2C58A5BFD42847E /* [CP] Embed Pods Frameworks */ = {
			isa = PBXShellScriptBuildPhase;
			buildActionMask = 2147483647;
			files = (
			);
			inputFileListPaths = (
				"${PODS_ROOT}/Target Support Files/Pods-JokeSaver/Pods-JokeSaver-frameworks-${CONFIGURATION}-input-files.xcfilelist",
			);
			name = "[CP] Embed Pods Frameworks";
			outputFileListPaths = (
				"${PODS_ROOT}/Target Support Files/Pods-JokeSaver/Pods-JokeSaver-frameworks-${CONFIGURATION}-output-files.xcfilelist",
			);
			runOnlyForDeploymentPostprocessing = 0;
			shellPath = /bin/sh;
			shellScript = "\"${PODS_ROOT}/Target Support Files/Pods-JokeSaver/Pods-JokeSaver-frameworks.sh\"\n";
			showEnvVarsInLog = 0;
		};
/* End PBXShellScriptBuildPhase section */

/* Begin PBXSourcesBuildPhase section */
		ED616C7127983B4F00C2CDF9 /* Sources */ = {
			isa = PBXSourcesBuildPhase;
			buildActionMask = 2147483647;
			files = (
				ED616C7927983B4F00C2CDF9 /* AppDelegate.swift in Sources */,
				ED616C7B27983B4F00C2CDF9 /* SceneDelegate.swift in Sources */,
				ED616C9127983CAF00C2CDF9 /* Joke.swift in Sources */,
				ED616C9C2798B42C00C2CDF9 /* JokeViewModel.swift in Sources */,
				ED616C952798441900C2CDF9 /* GetJokeViewController.swift in Sources */,
				ED616C972798443600C2CDF9 /* GetJokeView.swift in Sources */,
				ED616C8E27983C4100C2CDF9 /* JokesService.swift in Sources */,
				ED74433D27B42A2500B32980 /* Fonts.swift in Sources */,
				ED616C9A2798B03800C2CDF9 /* ActionConfigurable.swift in Sources */,
			);
			runOnlyForDeploymentPostprocessing = 0;
		};
/* End PBXSourcesBuildPhase section */

/* Begin PBXVariantGroup section */
		ED616C8327983B5200C2CDF9 /* LaunchScreen.storyboard */ = {
			isa = PBXVariantGroup;
			children = (
				ED616C8427983B5200C2CDF9 /* Base */,
			);
			name = LaunchScreen.storyboard;
			sourceTree = "<group>";
		};
/* End PBXVariantGroup section */

/* Begin XCBuildConfiguration section */
		ED616C8727983B5200C2CDF9 /* Debug */ = {
			isa = XCBuildConfiguration;
			buildSettings = {
				ALWAYS_SEARCH_USER_PATHS = NO;
				CLANG_ANALYZER_NONNULL = YES;
				CLANG_ANALYZER_NUMBER_OBJECT_CONVERSION = YES_AGGRESSIVE;
				CLANG_CXX_LANGUAGE_STANDARD = "gnu++14";
				CLANG_CXX_LIBRARY = "libc++";
				CLANG_ENABLE_MODULES = YES;
				CLANG_ENABLE_OBJC_ARC = YES;
				CLANG_ENABLE_OBJC_WEAK = YES;
				CLANG_WARN_BLOCK_CAPTURE_AUTORELEASING = YES;
				CLANG_WARN_BOOL_CONVERSION = YES;
				CLANG_WARN_COMMA = YES;
				CLANG_WARN_CONSTANT_CONVERSION = YES;
				CLANG_WARN_DEPRECATED_OBJC_IMPLEMENTATIONS = YES;
				CLANG_WARN_DIRECT_OBJC_ISA_USAGE = YES_ERROR;
				CLANG_WARN_DOCUMENTATION_COMMENTS = YES;
				CLANG_WARN_EMPTY_BODY = YES;
				CLANG_WARN_ENUM_CONVERSION = YES;
				CLANG_WARN_INFINITE_RECURSION = YES;
				CLANG_WARN_INT_CONVERSION = YES;
				CLANG_WARN_NON_LITERAL_NULL_CONVERSION = YES;
				CLANG_WARN_OBJC_IMPLICIT_RETAIN_SELF = YES;
				CLANG_WARN_OBJC_LITERAL_CONVERSION = YES;
				CLANG_WARN_OBJC_ROOT_CLASS = YES_ERROR;
				CLANG_WARN_QUOTED_INCLUDE_IN_FRAMEWORK_HEADER = YES;
				CLANG_WARN_RANGE_LOOP_ANALYSIS = YES;
				CLANG_WARN_STRICT_PROTOTYPES = YES;
				CLANG_WARN_SUSPICIOUS_MOVE = YES;
				CLANG_WARN_UNGUARDED_AVAILABILITY = YES_AGGRESSIVE;
				CLANG_WARN_UNREACHABLE_CODE = YES;
				CLANG_WARN__DUPLICATE_METHOD_MATCH = YES;
				COPY_PHASE_STRIP = NO;
				DEBUG_INFORMATION_FORMAT = dwarf;
				ENABLE_STRICT_OBJC_MSGSEND = YES;
				ENABLE_TESTABILITY = YES;
				GCC_C_LANGUAGE_STANDARD = gnu11;
				GCC_DYNAMIC_NO_PIC = NO;
				GCC_NO_COMMON_BLOCKS = YES;
				GCC_OPTIMIZATION_LEVEL = 0;
				GCC_PREPROCESSOR_DEFINITIONS = (
					"DEBUG=1",
					"$(inherited)",
				);
				GCC_WARN_64_TO_32_BIT_CONVERSION = YES;
				GCC_WARN_ABOUT_RETURN_TYPE = YES_ERROR;
				GCC_WARN_UNDECLARED_SELECTOR = YES;
				GCC_WARN_UNINITIALIZED_AUTOS = YES_AGGRESSIVE;
				GCC_WARN_UNUSED_FUNCTION = YES;
				GCC_WARN_UNUSED_VARIABLE = YES;
				IPHONEOS_DEPLOYMENT_TARGET = 14.5;
				MTL_ENABLE_DEBUG_INFO = INCLUDE_SOURCE;
				MTL_FAST_MATH = YES;
				ONLY_ACTIVE_ARCH = YES;
				SDKROOT = iphoneos;
				SWIFT_ACTIVE_COMPILATION_CONDITIONS = DEBUG;
				SWIFT_OPTIMIZATION_LEVEL = "-Onone";
			};
			name = Debug;
		};
		ED616C8827983B5200C2CDF9 /* Release */ = {
			isa = XCBuildConfiguration;
			buildSettings = {
				ALWAYS_SEARCH_USER_PATHS = NO;
				CLANG_ANALYZER_NONNULL = YES;
				CLANG_ANALYZER_NUMBER_OBJECT_CONVERSION = YES_AGGRESSIVE;
				CLANG_CXX_LANGUAGE_STANDARD = "gnu++14";
				CLANG_CXX_LIBRARY = "libc++";
				CLANG_ENABLE_MODULES = YES;
				CLANG_ENABLE_OBJC_ARC = YES;
				CLANG_ENABLE_OBJC_WEAK = YES;
				CLANG_WARN_BLOCK_CAPTURE_AUTORELEASING = YES;
				CLANG_WARN_BOOL_CONVERSION = YES;
				CLANG_WARN_COMMA = YES;
				CLANG_WARN_CONSTANT_CONVERSION = YES;
				CLANG_WARN_DEPRECATED_OBJC_IMPLEMENTATIONS = YES;
				CLANG_WARN_DIRECT_OBJC_ISA_USAGE = YES_ERROR;
				CLANG_WARN_DOCUMENTATION_COMMENTS = YES;
				CLANG_WARN_EMPTY_BODY = YES;
				CLANG_WARN_ENUM_CONVERSION = YES;
				CLANG_WARN_INFINITE_RECURSION = YES;
				CLANG_WARN_INT_CONVERSION = YES;
				CLANG_WARN_NON_LITERAL_NULL_CONVERSION = YES;
				CLANG_WARN_OBJC_IMPLICIT_RETAIN_SELF = YES;
				CLANG_WARN_OBJC_LITERAL_CONVERSION = YES;
				CLANG_WARN_OBJC_ROOT_CLASS = YES_ERROR;
				CLANG_WARN_QUOTED_INCLUDE_IN_FRAMEWORK_HEADER = YES;
				CLANG_WARN_RANGE_LOOP_ANALYSIS = YES;
				CLANG_WARN_STRICT_PROTOTYPES = YES;
				CLANG_WARN_SUSPICIOUS_MOVE = YES;
				CLANG_WARN_UNGUARDED_AVAILABILITY = YES_AGGRESSIVE;
				CLANG_WARN_UNREACHABLE_CODE = YES;
				CLANG_WARN__DUPLICATE_METHOD_MATCH = YES;
				COPY_PHASE_STRIP = NO;
				DEBUG_INFORMATION_FORMAT = "dwarf-with-dsym";
				ENABLE_NS_ASSERTIONS = NO;
				ENABLE_STRICT_OBJC_MSGSEND = YES;
				GCC_C_LANGUAGE_STANDARD = gnu11;
				GCC_NO_COMMON_BLOCKS = YES;
				GCC_WARN_64_TO_32_BIT_CONVERSION = YES;
				GCC_WARN_ABOUT_RETURN_TYPE = YES_ERROR;
				GCC_WARN_UNDECLARED_SELECTOR = YES;
				GCC_WARN_UNINITIALIZED_AUTOS = YES_AGGRESSIVE;
				GCC_WARN_UNUSED_FUNCTION = YES;
				GCC_WARN_UNUSED_VARIABLE = YES;
				IPHONEOS_DEPLOYMENT_TARGET = 14.5;
				MTL_ENABLE_DEBUG_INFO = NO;
				MTL_FAST_MATH = YES;
				SDKROOT = iphoneos;
				SWIFT_COMPILATION_MODE = wholemodule;
				SWIFT_OPTIMIZATION_LEVEL = "-O";
				VALIDATE_PRODUCT = YES;
			};
			name = Release;
		};
		ED616C8A27983B5200C2CDF9 /* Debug */ = {
			isa = XCBuildConfiguration;
			baseConfigurationReference = 969660DD3F1148B893A19EF0 /* Pods-JokeSaver.debug.xcconfig */;
			buildSettings = {
				ASSETCATALOG_COMPILER_APPICON_NAME = AppIcon;
				ASSETCATALOG_COMPILER_GLOBAL_ACCENT_COLOR_NAME = AccentColor;
				CODE_SIGN_STYLE = Automatic;
				DEVELOPMENT_TEAM = Z86A8NA48H;
				INFOPLIST_FILE = JokeSaver/Info.plist;
				IPHONEOS_DEPLOYMENT_TARGET = 13.0;
				LD_RUNPATH_SEARCH_PATHS = (
					"$(inherited)",
					"@executable_path/Frameworks",
				);
				PRODUCT_BUNDLE_IDENTIFIER = "Ruslan-Khanov.JokeSaver";
				PRODUCT_NAME = "$(TARGET_NAME)";
				SWIFT_VERSION = 5.0;
				TARGETED_DEVICE_FAMILY = 1;
			};
			name = Debug;
		};
		ED616C8B27983B5200C2CDF9 /* Release */ = {
			isa = XCBuildConfiguration;
			baseConfigurationReference = D275D0EE6BA99E3B9BE51D4C /* Pods-JokeSaver.release.xcconfig */;
			buildSettings = {
				ASSETCATALOG_COMPILER_APPICON_NAME = AppIcon;
				ASSETCATALOG_COMPILER_GLOBAL_ACCENT_COLOR_NAME = AccentColor;
				CODE_SIGN_STYLE = Automatic;
				DEVELOPMENT_TEAM = Z86A8NA48H;
				INFOPLIST_FILE = JokeSaver/Info.plist;
				IPHONEOS_DEPLOYMENT_TARGET = 13.0;
				LD_RUNPATH_SEARCH_PATHS = (
					"$(inherited)",
					"@executable_path/Frameworks",
				);
				PRODUCT_BUNDLE_IDENTIFIER = "Ruslan-Khanov.JokeSaver";
				PRODUCT_NAME = "$(TARGET_NAME)";
				SWIFT_VERSION = 5.0;
				TARGETED_DEVICE_FAMILY = 1;
			};
			name = Release;
		};
/* End XCBuildConfiguration section */

/* Begin XCConfigurationList section */
		ED616C7027983B4F00C2CDF9 /* Build configuration list for PBXProject "JokeSaver" */ = {
			isa = XCConfigurationList;
			buildConfigurations = (
				ED616C8727983B5200C2CDF9 /* Debug */,
				ED616C8827983B5200C2CDF9 /* Release */,
			);
			defaultConfigurationIsVisible = 0;
			defaultConfigurationName = Release;
		};
		ED616C8927983B5200C2CDF9 /* Build configuration list for PBXNativeTarget "JokeSaver" */ = {
			isa = XCConfigurationList;
			buildConfigurations = (
				ED616C8A27983B5200C2CDF9 /* Debug */,
				ED616C8B27983B5200C2CDF9 /* Release */,
			);
			defaultConfigurationIsVisible = 0;
			defaultConfigurationName = Release;
		};
/* End XCConfigurationList section */
	};
	rootObject = ED616C6D27983B4F00C2CDF9 /* Project object */;
}
